
Microsoft Visual Studio Solution File, Format Version 12.00
# Visual Studio Version 17
VisualStudioVersion = 17.7.34031.279
MinimumVisualStudioVersion = 10.0.40219.1
Project("{FAE04EC0-301F-11D3-BF4B-00C04F79EFBC}") = "DoAn", "DoAn\DoAn.csproj", "{C0C58D91-C7EF-45F7-A912-ACD62238208B}"
EndProject
Global
	GlobalSection(SolutionConfigurationPlatforms) = preSolution
		Debug|Any CPU = Debug|Any CPU
		Release|Any CPU = Release|Any CPU
	EndGlobalSection
	GlobalSection(ProjectConfigurationPlatforms) = postSolution
		{C0C58D91-C7EF-45F7-A912-ACD62238208B}.Debug|Any CPU.ActiveCfg = Debug|Any CPU
		{C0C58D91-C7EF-45F7-A912-ACD62238208B}.Debug|Any CPU.Build.0 = Debug|Any CPU
		{C0C58D91-C7EF-45F7-A912-ACD62238208B}.Release|Any CPU.ActiveCfg = Release|Any CPU
		{C0C58D91-C7EF-45F7-A912-ACD62238208B}.Release|Any CPU.Build.0 = Release|Any CPU
	EndGlobalSection
	GlobalSection(SolutionProperties) = preSolution
		HideSolutionNode = FALSE
	EndGlobalSection
	GlobalSection(ExtensibilityGlobals) = postSolution
		SolutionGuid = {1576E52A-287F-4D08-8E6E-BF11FBE3868B}
	EndGlobalSection
EndGlobal
